
Microsoft Visual Studio Solution File, Format Version 12.00
# Visual Studio Version 17
VisualStudioVersion = 17.9.34902.65
MinimumVisualStudioVersion = 10.0.40219.1
Project("{FAE04EC0-301F-11D3-BF4B-00C04F79EFBC}") = "RFIDLibraryApp", "RFIDLibraryApp\RFIDLibraryApp.csproj", "{B5A33B76-10A3-4648-BEDD-7A0968CE1E9D}"
EndProject
Global
	GlobalSection(SolutionConfigurationPlatforms) = preSolution
		Debug|Any CPU = Debug|Any CPU
		Release|Any CPU = Release|Any CPU
	EndGlobalSection
	GlobalSection(ProjectConfigurationPlatforms) = postSolution
		{B5A33B76-10A3-4648-BEDD-7A0968CE1E9D}.Debug|Any CPU.ActiveCfg = Debug|Any CPU
		{B5A33B76-10A3-4648-BEDD-7A0968CE1E9D}.Debug|Any CPU.Build.0 = Debug|Any CPU
		{B5A33B76-10A3-4648-BEDD-7A0968CE1E9D}.Release|Any CPU.ActiveCfg = Release|Any CPU
		{B5A33B76-10A3-4648-BEDD-7A0968CE1E9D}.Release|Any CPU.Build.0 = Release|Any CPU
	EndGlobalSection
	GlobalSection(SolutionProperties) = preSolution
		HideSolutionNode = FALSE
	EndGlobalSection
	GlobalSection(ExtensibilityGlobals) = postSolution
		SolutionGuid = {A8A51F40-D3A8-405C-B37B-050C11DCDD1B}
	EndGlobalSection
EndGlobal
